
Microsoft Visual Studio Solution File, Format Version 12.00
# Visual Studio 15
VisualStudioVersion = 15.0.28307.705
MinimumVisualStudioVersion = 10.0.40219.1
Project("{E24C65DC-7377-472B-9ABA-BC803B73C61A}") = "PhoneShop", "PhoneShop\", "{C00A0413-1469-4402-ADFE-C85D477107DE}"
	ProjectSection(WebsiteProperties) = preProject
		TargetFrameworkMoniker = ".NETFramework,Version%3Dv4.6.1"
		ProjectReferences = "{7cf913c9-a091-477e-a4b2-c12ce07fff3f}|BLL.dll;{1D0B287E-303A-4475-ACC3-4968DED8F19D}|Dal.dll;{2978A649-3F70-4317-B610-4C0C3DDA4F10}|Helper.dll;{E16AE517-48A1-40BD-8CA5-1CBDB2B02E94}|Model.dll;"
		Debug.AspNetCompiler.VirtualPath = "/localhost_55114"
		Debug.AspNetCompiler.PhysicalPath = "PhoneShop\"
		Debug.AspNetCompiler.TargetPath = "PrecompiledWeb\localhost_55114\"
		Debug.AspNetCompiler.Updateable = "true"
		Debug.AspNetCompiler.ForceOverwrite = "true"
		Debug.AspNetCompiler.FixedNames = "false"
		Debug.AspNetCompiler.Debug = "True"
		Release.AspNetCompiler.VirtualPath = "/localhost_55114"
		Release.AspNetCompiler.PhysicalPath = "PhoneShop\"
		Release.AspNetCompiler.TargetPath = "PrecompiledWeb\localhost_55114\"
		Release.AspNetCompiler.Updateable = "true"
		Release.AspNetCompiler.ForceOverwrite = "true"
		Release.AspNetCompiler.FixedNames = "false"
		Release.AspNetCompiler.Debug = "False"
		VWDPort = "55114"
		SlnRelativePath = "PhoneShop\"
		DefaultWebSiteLanguage = "Visual C#"
	EndProjectSection
EndProject
Project("{FAE04EC0-301F-11D3-BF4B-00C04F79EFBC}") = "DAL", "Dal\DAL.csproj", "{1D0B287E-303A-4475-ACC3-4968DED8F19D}"
EndProject
Project("{FAE04EC0-301F-11D3-BF4B-00C04F79EFBC}") = "BLL", "BLL\BLL.csproj", "{7CF913C9-A091-477E-A4B2-C12CE07FFF3F}"
EndProject
Project("{FAE04EC0-301F-11D3-BF4B-00C04F79EFBC}") = "Model", "Model\Model.csproj", "{E16AE517-48A1-40BD-8CA5-1CBDB2B02E94}"
EndProject
Project("{FAE04EC0-301F-11D3-BF4B-00C04F79EFBC}") = "Helper", "Helper\Helper.csproj", "{2978A649-3F70-4317-B610-4C0C3DDA4F10}"
EndProject
Global
	GlobalSection(SolutionConfigurationPlatforms) = preSolution
		Debug|Any CPU = Debug|Any CPU
		Release|Any CPU = Release|Any CPU
	EndGlobalSection
	GlobalSection(ProjectConfigurationPlatforms) = postSolution
		{C00A0413-1469-4402-ADFE-C85D477107DE}.Debug|Any CPU.ActiveCfg = Debug|Any CPU
		{C00A0413-1469-4402-ADFE-C85D477107DE}.Debug|Any CPU.Build.0 = Debug|Any CPU
		{C00A0413-1469-4402-ADFE-C85D477107DE}.Release|Any CPU.ActiveCfg = Debug|Any CPU
		{C00A0413-1469-4402-ADFE-C85D477107DE}.Release|Any CPU.Build.0 = Debug|Any CPU
		{1D0B287E-303A-4475-ACC3-4968DED8F19D}.Debug|Any CPU.ActiveCfg = Debug|Any CPU
		{1D0B287E-303A-4475-ACC3-4968DED8F19D}.Debug|Any CPU.Build.0 = Debug|Any CPU
		{1D0B287E-303A-4475-ACC3-4968DED8F19D}.Release|Any CPU.ActiveCfg = Release|Any CPU
		{1D0B287E-303A-4475-ACC3-4968DED8F19D}.Release|Any CPU.Build.0 = Release|Any CPU
		{7CF913C9-A091-477E-A4B2-C12CE07FFF3F}.Debug|Any CPU.ActiveCfg = Debug|Any CPU
		{7CF913C9-A091-477E-A4B2-C12CE07FFF3F}.Debug|Any CPU.Build.0 = Debug|Any CPU
		{7CF913C9-A091-477E-A4B2-C12CE07FFF3F}.Release|Any CPU.ActiveCfg = Release|Any CPU
		{7CF913C9-A091-477E-A4B2-C12CE07FFF3F}.Release|Any CPU.Build.0 = Release|Any CPU
		{E16AE517-48A1-40BD-8CA5-1CBDB2B02E94}.Debug|Any CPU.ActiveCfg = Debug|Any CPU
		{E16AE517-48A1-40BD-8CA5-1CBDB2B02E94}.Debug|Any CPU.Build.0 = Debug|Any CPU
		{E16AE517-48A1-40BD-8CA5-1CBDB2B02E94}.Release|Any CPU.ActiveCfg = Release|Any CPU
		{E16AE517-48A1-40BD-8CA5-1CBDB2B02E94}.Release|Any CPU.Build.0 = Release|Any CPU
		{2978A649-3F70-4317-B610-4C0C3DDA4F10}.Debug|Any CPU.ActiveCfg = Debug|Any CPU
		{2978A649-3F70-4317-B610-4C0C3DDA4F10}.Debug|Any CPU.Build.0 = Debug|Any CPU
		{2978A649-3F70-4317-B610-4C0C3DDA4F10}.Release|Any CPU.ActiveCfg = Release|Any CPU
		{2978A649-3F70-4317-B610-4C0C3DDA4F10}.Release|Any CPU.Build.0 = Release|Any CPU
	EndGlobalSection
	GlobalSection(SolutionProperties) = preSolution
		HideSolutionNode = FALSE
	EndGlobalSection
	GlobalSection(ExtensibilityGlobals) = postSolution
		SolutionGuid = {B8AEB8A4-4981-47CA-B8FE-5849B0C6A37A}
	EndGlobalSection
EndGlobal
